
Microsoft Visual Studio Solution File, Format Version 11.00
# Visual Studio 2010
Project("{FAE04EC0-301F-11D3-BF4B-00C04F79EFBC}") = "Validation", "Validation\Validation.csproj", "{620F3767-B78E-4360-8411-1B4783E9376F}"
EndProject
Project("{FAE04EC0-301F-11D3-BF4B-00C04F79EFBC}") = "TestSuite", "TestSuite\TestSuite.csproj", "{02566D0B-8D07-44A0-A8AF-DB2B7878C890}"
EndProject
Global
	GlobalSection(SolutionConfigurationPlatforms) = preSolution
		Debug|Any CPU = Debug|Any CPU
		Release|Any CPU = Release|Any CPU
	EndGlobalSection
	GlobalSection(ProjectConfigurationPlatforms) = postSolution
		{620F3767-B78E-4360-8411-1B4783E9376F}.Debug|Any CPU.ActiveCfg = Release|Any CPU
		{620F3767-B78E-4360-8411-1B4783E9376F}.Debug|Any CPU.Build.0 = Release|Any CPU
		{620F3767-B78E-4360-8411-1B4783E9376F}.Release|Any CPU.ActiveCfg = Release|Any CPU
		{620F3767-B78E-4360-8411-1B4783E9376F}.Release|Any CPU.Build.0 = Release|Any CPU
		{02566D0B-8D07-44A0-A8AF-DB2B7878C890}.Debug|Any CPU.ActiveCfg = Debug|Any CPU
		{02566D0B-8D07-44A0-A8AF-DB2B7878C890}.Debug|Any CPU.Build.0 = Debug|Any CPU
		{02566D0B-8D07-44A0-A8AF-DB2B7878C890}.Release|Any CPU.ActiveCfg = Release|Any CPU
		{02566D0B-8D07-44A0-A8AF-DB2B7878C890}.Release|Any CPU.Build.0 = Release|Any CPU
	EndGlobalSection
	GlobalSection(SolutionProperties) = preSolution
		HideSolutionNode = FALSE
	EndGlobalSection
EndGlobal
